# THIS IS AN AUTOGENERATED FILE. DO NOT EDIT THIS FILE DIRECTLY.
# yarn lockfile v1


cross-fetch@^3.0.0:
  version "3.0.6"
  resolved "https://registry.yarnpkg.com/cross-fetch/-/cross-fetch-3.0.6.tgz#3a4040bc8941e653e0e9cf17f29ebcd177d3365c"
  integrity sha512-KBPUbqgFjzWlVcURG+Svp9TlhA5uliYtiNx/0r8nv0pdypeQCRJ9IaSIc3q/x3q8t3F75cHuwxVql1HFGHCNJQ==
  dependencies:
    node-fetch "2.6.1"

dotenv@^8.2.0:
  version "8.2.0"
  resolved "https://registry.yarnpkg.com/dotenv/-/dotenv-8.2.0.tgz#97e619259ada750eea3e4ea3e26bceea5424b16a"
  integrity sha512-8sJ78ElpbDJBHNeBzUbUVLsqKdccaa/BXF1uPTw3GrvQTBgrQrtObr2mUrE38vzYd8cEv+m/JBfDLioYcfXoaw==

node-fetch@2.6.1:
  version "2.6.1"
  resolved "https://registry.yarnpkg.com/node-fetch/-/node-fetch-2.6.1.tgz#045bd323631f76ed2e2b55573394416b639a0052"
  integrity sha512-V4aYg89jEoVRxRb2fJdAg8FHvI7cEyYdVAh94HH0UIK8oJxUfkjlDQN9RbMx+bEjP7+ggMiFRprSti032Oipxw==

oauth-1.0a@^2.2.4:
  version "2.2.6"
  resolved "https://registry.yarnpkg.com/oauth-1.0a/-/oauth-1.0a-2.2.6.tgz#eadbccdb3bceea412d24586e6f39b2b412f0e491"
  integrity sha512-6bkxv3N4Gu5lty4viIcIAnq5GbxECviMBeKR3WX/q87SPQ8E8aursPZUtsXDnxCs787af09WPRBLqYrf/lwoYQ==

twitter-lite@^0.14.0:
  version "0.14.0"
  resolved "https://registry.yarnpkg.com/twitter-lite/-/twitter-lite-0.14.0.tgz#5ec32d31e693007572d060858f2746ac8aed1a7d"
  integrity sha512-AP7jnuEBIMA18fi3IDWT7fTOJVpZrl1ZwJKunGf2iknKv5BH4mpwBvJmu3RP59XHZFL3ckUcGGRw/INVRikBBg==
  dependencies:
    cross-fetch "^3.0.0"
    oauth-1.0a "^2.2.4"
